{
  "name": "sample-angular-app",
  "version": "1.4.2",
  "lockfileVersion": 2,
  "requires": true,
  "packages": {
    "": { "name": "sample-angular-app", "version": "1.4.2" },
    "node_modules/@angular/core": { "version": "14.3.0" },
    "node_modules/moment": { "version": "2.29.1" },
    "node_modules/lodash": { "version": "4.17.20" },
    "node_modules/minimist": { "version": "1.2.5", "dev": true },
    "node_modules/loader-utils": { "version": "2.0.2", "dev": true },
    "node_modules/json5": { "version": "2.2.1", "dev": true },
    "node_modules/terser": { "version": "5.14.2", "dev": true },
    "node_modules/semver": { "version": "7.3.8", "dev": true },
    "node_modules/tough-cookie": { "version": "4.1.2", "dev": true },
    "node_modules/typescript": { "version": "4.7.4", "dev": true }
  },
  "dependencies": {
    "@angular/core": { "version": "14.3.0" },
    "moment": { "version": "2.29.1" },
    "lodash": { "version": "4.17.20" },
    "minimist": { "version": "1.2.5", "dev": true },
    "loader-utils": { "version": "2.0.2", "dev": true },
    "json5": { "version": "2.2.1", "dev": true },
    "terser": { "version": "5.14.2", "dev": true },
    "semver": { "version": "7.3.8", "dev": true },
    "tough-cookie": { "version": "4.1.2", "dev": true },
    "typescript": { "version": "4.7.4", "dev": true }
  }
}
